
Microsoft Visual Studio Solution File, Format Version 12.00
# Visual Studio Version 17
VisualStudioVersion = 17.10.35027.167
MinimumVisualStudioVersion = 10.0.40219.1
Project("{FAE04EC0-301F-11D3-BF4B-00C04F79EFBC}") = "MyPortfolio", "MyPortfolio.csproj", "{91A8FF94-5671-4A7A-A433-47441181996D}"
EndProject
Global
	GlobalSection(SolutionConfigurationPlatforms) = preSolution
		Debug|Any CPU = Debug|Any CPU
		Release|Any CPU = Release|Any CPU
	EndGlobalSection
	GlobalSection(ProjectConfigurationPlatforms) = postSolution
		{91A8FF94-5671-4A7A-A433-47441181996D}.Debug|Any CPU.ActiveCfg = Debug|Any CPU
		{91A8FF94-5671-4A7A-A433-47441181996D}.Debug|Any CPU.Build.0 = Debug|Any CPU
		{91A8FF94-5671-4A7A-A433-47441181996D}.Release|Any CPU.ActiveCfg = Release|Any CPU
		{91A8FF94-5671-4A7A-A433-47441181996D}.Release|Any CPU.Build.0 = Release|Any CPU
	EndGlobalSection
	GlobalSection(SolutionProperties) = preSolution
		HideSolutionNode = FALSE
	EndGlobalSection
	GlobalSection(ExtensibilityGlobals) = postSolution
		SolutionGuid = {C56F7D98-1E5F-4825-9099-1B08DD4AC552}
	EndGlobalSection
EndGlobal
